// !$*UTF8*$!
{
	archiveVersion = 1;
	classes = {
	};
	objectVersion = 46;
	objects = {

/* Begin PBXBuildFile section */
		310096FE1C7155C1003C7FA6 /* Trash_function.swift in Sources */ = {isa = PBXBuildFile; fileRef = 310096FD1C7155C1003C7FA6 /* Trash_function.swift */; };
		310097001C715D54003C7FA6 /* SettingViewController.swift in Sources */ = {isa = PBXBuildFile; fileRef = 310096FF1C715D54003C7FA6 /* SettingViewController.swift */; };
		310097021C7163EF003C7FA6 /* SettingVC_1.swift in Sources */ = {isa = PBXBuildFile; fileRef = 310097011C7163EF003C7FA6 /* SettingVC_1.swift */; };
		310097041C719641003C7FA6 /* RecordViewController.swift in Sources */ = {isa = PBXBuildFile; fileRef = 310097031C719641003C7FA6 /* RecordViewController.swift */; };
		310097061C7197B7003C7FA6 /* DailyScore.swift in Sources */ = {isa = PBXBuildFile; fileRef = 310097051C7197B7003C7FA6 /* DailyScore.swift */; };
		310097081C719C6A003C7FA6 /* DailyScoreCell.swift in Sources */ = {isa = PBXBuildFile; fileRef = 310097071C719C6A003C7FA6 /* DailyScoreCell.swift */; };
		3100970A1C71B07B003C7FA6 /* String+.swift in Sources */ = {isa = PBXBuildFile; fileRef = 310097091C71B07B003C7FA6 /* String+.swift */; };
		3100970D1C72A423003C7FA6 /* UIFont+.swift in Sources */ = {isa = PBXBuildFile; fileRef = 3100970C1C72A423003C7FA6 /* UIFont+.swift */; };
		310097111C72B2A1003C7FA6 /* Tahoma Bold.ttf in Resources */ = {isa = PBXBuildFile; fileRef = 3100970F1C72B2A1003C7FA6 /* Tahoma Bold.ttf */; };
		310097121C72B2A1003C7FA6 /* Tahoma.ttf in Resources */ = {isa = PBXBuildFile; fileRef = 310097101C72B2A1003C7FA6 /* Tahoma.ttf */; };
		311A89F71C685ECE00257A26 /* SingleViewCoreData.sqlite in Resources */ = {isa = PBXBuildFile; fileRef = 311A89F41C685ECE00257A26 /* SingleViewCoreData.sqlite */; };
		311A89F81C685ECE00257A26 /* SingleViewCoreData.sqlite-shm in Resources */ = {isa = PBXBuildFile; fileRef = 311A89F51C685ECE00257A26 /* SingleViewCoreData.sqlite-shm */; };
		311A89F91C685ECE00257A26 /* SingleViewCoreData.sqlite-wal in Resources */ = {isa = PBXBuildFile; fileRef = 311A89F61C685ECE00257A26 /* SingleViewCoreData.sqlite-wal */; };
		311A89FB1C68619D00257A26 /* libsqlite3.0.tbd in Frameworks */ = {isa = PBXBuildFile; fileRef = 311A89FA1C68619D00257A26 /* libsqlite3.0.tbd */; };
		311A89FF1C68647000257A26 /* Chinese.swift in Sources */ = {isa = PBXBuildFile; fileRef = 311A89FE1C68647000257A26 /* Chinese.swift */; };
		311A8A0C1C688A2600257A26 /* Global.swift in Sources */ = {isa = PBXBuildFile; fileRef = 311A8A0B1C688A2600257A26 /* Global.swift */; };
		311A8A111C6963DD00257A26 /* UIImage+.swift in Sources */ = {isa = PBXBuildFile; fileRef = 311A8A101C6963DD00257A26 /* UIImage+.swift */; };
		311A8A131C6963E700257A26 /* UIColor+.swift in Sources */ = {isa = PBXBuildFile; fileRef = 311A8A121C6963E700257A26 /* UIColor+.swift */; };
		311A8A151C6963F000257A26 /* UIButton+.swift in Sources */ = {isa = PBXBuildFile; fileRef = 311A8A141C6963F000257A26 /* UIButton+.swift */; };
		311A8A171C6963F800257A26 /* Array+.swift in Sources */ = {isa = PBXBuildFile; fileRef = 311A8A161C6963F800257A26 /* Array+.swift */; };
		311A8A1A1C69737B00257A26 /* Chinese+SameOrNot.swift in Sources */ = {isa = PBXBuildFile; fileRef = 311A8A191C69737B00257A26 /* Chinese+SameOrNot.swift */; };
		311B7B131C76A14000B674DB /* TestViewController.swift in Sources */ = {isa = PBXBuildFile; fileRef = 311B7B121C76A14000B674DB /* TestViewController.swift */; };
		312331981CAA9CD70069A4A1 /* TestProtocol.swift in Sources */ = {isa = PBXBuildFile; fileRef = 312331971CAA9CD70069A4A1 /* TestProtocol.swift */; };
		3123319A1CAB85880069A4A1 /* WordCharacterPinyin.swift in Sources */ = {isa = PBXBuildFile; fileRef = 312331991CAB85880069A4A1 /* WordCharacterPinyin.swift */; };
		3123319C1CAB89C50069A4A1 /* Pinyins.swift in Sources */ = {isa = PBXBuildFile; fileRef = 3123319B1CAB89C50069A4A1 /* Pinyins.swift */; };
		317519D41C701001002223F1 /* Score.swift in Sources */ = {isa = PBXBuildFile; fileRef = 317519D31C701001002223F1 /* Score.swift */; };
		317519D61C7041DF002223F1 /* HeaderView.swift in Sources */ = {isa = PBXBuildFile; fileRef = 317519D51C7041DF002223F1 /* HeaderView.swift */; };
		317519D81C704792002223F1 /* NextButton.swift in Sources */ = {isa = PBXBuildFile; fileRef = 317519D71C704792002223F1 /* NextButton.swift */; };
		317519DA1C7053BA002223F1 /* FinalView.swift in Sources */ = {isa = PBXBuildFile; fileRef = 317519D91C7053BA002223F1 /* FinalView.swift */; };
		317519DC1C706083002223F1 /* ScoreModel.swift in Sources */ = {isa = PBXBuildFile; fileRef = 317519DB1C706083002223F1 /* ScoreModel.swift */; };
		3175AF071C69B77C001BEACE /* NavigationController.swift in Sources */ = {isa = PBXBuildFile; fileRef = 3175AF061C69B77C001BEACE /* NavigationController.swift */; };
		3175AF0A1C69BDDF001BEACE /* BlockView.swift in Sources */ = {isa = PBXBuildFile; fileRef = 3175AF091C69BDDF001BEACE /* BlockView.swift */; };
		3175AF0C1C69CD19001BEACE /* SameOrNotViewController.swift in Sources */ = {isa = PBXBuildFile; fileRef = 3175AF0B1C69CD19001BEACE /* SameOrNotViewController.swift */; };
		318950981C759BF600DB3BA6 /* Arial Rounded Bold.ttf in Resources */ = {isa = PBXBuildFile; fileRef = 318950971C759BF600DB3BA6 /* Arial Rounded Bold.ttf */; };
		3189509A1C75A2DE00DB3BA6 /* AmericanTypewriter.ttc in Resources */ = {isa = PBXBuildFile; fileRef = 318950991C75A2DE00DB3BA6 /* AmericanTypewriter.ttc */; };
		3189509C1C75A57300DB3BA6 /* Arial Narrow.ttf in Resources */ = {isa = PBXBuildFile; fileRef = 3189509B1C75A57300DB3BA6 /* Arial Narrow.ttf */; };
		3189509E1C75AD7F00DB3BA6 /* GillSans.ttc in Resources */ = {isa = PBXBuildFile; fileRef = 3189509D1C75AD7F00DB3BA6 /* GillSans.ttc */; };
		318950A01C75B47200DB3BA6 /* ChalkboardSE.ttc in Resources */ = {isa = PBXBuildFile; fileRef = 3189509F1C75B47200DB3BA6 /* ChalkboardSE.ttc */; };
		318C7FB61C7FD21C00FCC9C1 /* HudView.swift in Sources */ = {isa = PBXBuildFile; fileRef = 318C7FB51C7FD21C00FCC9C1 /* HudView.swift */; };
		3197AB331C7EE77100A5A340 /* Struct_A.swift in Sources */ = {isa = PBXBuildFile; fileRef = 3197AB321C7EE77100A5A340 /* Struct_A.swift */; };
		3197AB351C7EEA6800A5A340 /* Struct_B.swift in Sources */ = {isa = PBXBuildFile; fileRef = 3197AB341C7EEA6800A5A340 /* Struct_B.swift */; };
		3197AB371C7EEA7600A5A340 /* Struct_C.swift in Sources */ = {isa = PBXBuildFile; fileRef = 3197AB361C7EEA7600A5A340 /* Struct_C.swift */; };
		3197AB391C7EEA8200A5A340 /* Struct_D.swift in Sources */ = {isa = PBXBuildFile; fileRef = 3197AB381C7EEA8200A5A340 /* Struct_D.swift */; };
		3197AB3B1C7EEA8D00A5A340 /* Struct_E.swift in Sources */ = {isa = PBXBuildFile; fileRef = 3197AB3A1C7EEA8D00A5A340 /* Struct_E.swift */; };
		3197AB3D1C7EEA9B00A5A340 /* Struct_F.swift in Sources */ = {isa = PBXBuildFile; fileRef = 3197AB3C1C7EEA9B00A5A340 /* Struct_F.swift */; };
		3197AB3F1C7EEAA300A5A340 /* Struct_G.swift in Sources */ = {isa = PBXBuildFile; fileRef = 3197AB3E1C7EEAA300A5A340 /* Struct_G.swift */; };
		3197AB411C7EEAAB00A5A340 /* Struct_H.swift in Sources */ = {isa = PBXBuildFile; fileRef = 3197AB401C7EEAAB00A5A340 /* Struct_H.swift */; };
		3197AB431C7EEAB700A5A340 /* Struct_J.swift in Sources */ = {isa = PBXBuildFile; fileRef = 3197AB421C7EEAB700A5A340 /* Struct_J.swift */; };
		3197AB451C7EEAC000A5A340 /* Struct_K.swift in Sources */ = {isa = PBXBuildFile; fileRef = 3197AB441C7EEAC000A5A340 /* Struct_K.swift */; };
		3197AB471C7EEACA00A5A340 /* Struct_L.swift in Sources */ = {isa = PBXBuildFile; fileRef = 3197AB461C7EEACA00A5A340 /* Struct_L.swift */; };
		3197AB491C7EEAD300A5A340 /* Struct_M.swift in Sources */ = {isa = PBXBuildFile; fileRef = 3197AB481C7EEAD300A5A340 /* Struct_M.swift */; };
		3197AB4B1C7EEADA00A5A340 /* Struct_N.swift in Sources */ = {isa = PBXBuildFile; fileRef = 3197AB4A1C7EEADA00A5A340 /* Struct_N.swift */; };
		3197AB4D1C7EEAE600A5A340 /* Struct_O.swift in Sources */ = {isa = PBXBuildFile; fileRef = 3197AB4C1C7EEAE600A5A340 /* Struct_O.swift */; };
		3197AB4F1C7EEAF000A5A340 /* Struct_P.swift in Sources */ = {isa = PBXBuildFile; fileRef = 3197AB4E1C7EEAF000A5A340 /* Struct_P.swift */; };
		3197AB511C7EEAFA00A5A340 /* Struct_Q.swift in Sources */ = {isa = PBXBuildFile; fileRef = 3197AB501C7EEAFA00A5A340 /* Struct_Q.swift */; };
		3197AB531C7EEB0300A5A340 /* Struct_R.swift in Sources */ = {isa = PBXBuildFile; fileRef = 3197AB521C7EEB0300A5A340 /* Struct_R.swift */; };
		3197AB551C7EEB0D00A5A340 /* Struct_S.swift in Sources */ = {isa = PBXBuildFile; fileRef = 3197AB541C7EEB0D00A5A340 /* Struct_S.swift */; };
		3197AB571C7EEB1600A5A340 /* Struct_T.swift in Sources */ = {isa = PBXBuildFile; fileRef = 3197AB561C7EEB1600A5A340 /* Struct_T.swift */; };
		3197AB591C7EEB2200A5A340 /* Struct_W.swift in Sources */ = {isa = PBXBuildFile; fileRef = 3197AB581C7EEB2200A5A340 /* Struct_W.swift */; };
		3197AB5B1C7EEB2A00A5A340 /* Struct_X.swift in Sources */ = {isa = PBXBuildFile; fileRef = 3197AB5A1C7EEB2A00A5A340 /* Struct_X.swift */; };
		3197AB5D1C7EEB3400A5A340 /* Struct_Y.swift in Sources */ = {isa = PBXBuildFile; fileRef = 3197AB5C1C7EEB3400A5A340 /* Struct_Y.swift */; };
		3197AB5F1C7EEB3E00A5A340 /* Struct_Z.swift in Sources */ = {isa = PBXBuildFile; fileRef = 3197AB5E1C7EEB3E00A5A340 /* Struct_Z.swift */; };
		31BDEE091C7D2C86007A1EFA /* Chinese+Find&Test.swift in Sources */ = {isa = PBXBuildFile; fileRef = 31BDEE081C7D2C86007A1EFA /* Chinese+Find&Test.swift */; };
		31C8D1D71C7BE168006B2279 /* SupportProducts.swift in Sources */ = {isa = PBXBuildFile; fileRef = 31C8D1D61C7BE168006B2279 /* SupportProducts.swift */; };
		31C8D1D91C7BE203006B2279 /* IAPHelper.swift in Sources */ = {isa = PBXBuildFile; fileRef = 31C8D1D81C7BE203006B2279 /* IAPHelper.swift */; };
		31C8D1E01C7C32FD006B2279 /* right.caf in Resources */ = {isa = PBXBuildFile; fileRef = 31C8D1DE1C7C32FD006B2279 /* right.caf */; };
		31C8D1E11C7C32FD006B2279 /* wrong.caf in Resources */ = {isa = PBXBuildFile; fileRef = 31C8D1DF1C7C32FD006B2279 /* wrong.caf */; };
		31C8D1E31C7C45EB006B2279 /* Georgia.ttf in Resources */ = {isa = PBXBuildFile; fileRef = 31C8D1E21C7C45EB006B2279 /* Georgia.ttf */; };
		31C8D1E51C7C473E006B2279 /* SignPainter.otf in Resources */ = {isa = PBXBuildFile; fileRef = 31C8D1E41C7C473E006B2279 /* SignPainter.otf */; };
		31C8D1E71C7C4AE9006B2279 /* Geneva.dfont in Resources */ = {isa = PBXBuildFile; fileRef = 31C8D1E61C7C4AE8006B2279 /* Geneva.dfont */; };
		31E0F9FA1C827DF400054496 /* Localizable.strings in Resources */ = {isa = PBXBuildFile; fileRef = 31E0F9F81C827DF400054496 /* Localizable.strings */; };
		31E0F9FF1C828AA300054496 /* InfoPlist.strings in Resources */ = {isa = PBXBuildFile; fileRef = 31E0FA011C828AA300054496 /* InfoPlist.strings */; };
		31EC4FFF1C740E9A006240EC /* UIView+.swift in Sources */ = {isa = PBXBuildFile; fileRef = 31EC4FFE1C740E9A006240EC /* UIView+.swift */; };
		31F09E181C6B239200196277 /* SelectTheSameViewController.swift in Sources */ = {isa = PBXBuildFile; fileRef = 31F09E171C6B239200196277 /* SelectTheSameViewController.swift */; };
		31F09E1A1C6B26C900196277 /* Chinese+SelectTheSame.swift in Sources */ = {isa = PBXBuildFile; fileRef = 31F09E191C6B26C900196277 /* Chinese+SelectTheSame.swift */; };
		31F09E1E1C6C737D00196277 /* SpellViewController.swift in Sources */ = {isa = PBXBuildFile; fileRef = 31F09E1D1C6C737D00196277 /* SpellViewController.swift */; };
		31F09E201C6C73F400196277 /* Chinese+Spell.swift in Sources */ = {isa = PBXBuildFile; fileRef = 31F09E1F1C6C73F400196277 /* Chinese+Spell.swift */; };
		C372483C1C561B9100EDD735 /* Term+CoreDataProperties.swift in Sources */ = {isa = PBXBuildFile; fileRef = C372483A1C561B9100EDD735 /* Term+CoreDataProperties.swift */; };
		C372483D1C561B9100EDD735 /* Term.swift in Sources */ = {isa = PBXBuildFile; fileRef = C372483B1C561B9100EDD735 /* Term.swift */; };
		C3CDD5061C522CFC00209556 /* AppDelegate.swift in Sources */ = {isa = PBXBuildFile; fileRef = C3CDD5051C522CFC00209556 /* AppDelegate.swift */; };
		C3CDD5081C522CFC00209556 /* HomepageViewController.swift in Sources */ = {isa = PBXBuildFile; fileRef = C3CDD5071C522CFC00209556 /* HomepageViewController.swift */; };
		C3CDD50E1C522CFD00209556 /* P3.xcdatamodeld in Sources */ = {isa = PBXBuildFile; fileRef = C3CDD50C1C522CFD00209556 /* P3.xcdatamodeld */; };
		C3CDD5101C522CFD00209556 /* Assets.xcassets in Resources */ = {isa = PBXBuildFile; fileRef = C3CDD50F1C522CFD00209556 /* Assets.xcassets */; };
		C3CDD51B1C522DAE00209556 /* terms.plist in Resources */ = {isa = PBXBuildFile; fileRef = C3CDD51A1C522DAE00209556 /* terms.plist */; };
/* End PBXBuildFile section */

/* Begin PBXFileReference section */
		310096FD1C7155C1003C7FA6 /* Trash_function.swift */ = {isa = PBXFileReference; fileEncoding = 4; lastKnownFileType = sourcecode.swift; path = Trash_function.swift; sourceTree = "<group>"; };
		310096FF1C715D54003C7FA6 /* SettingViewController.swift */ = {isa = PBXFileReference; fileEncoding = 4; lastKnownFileType = sourcecode.swift; path = SettingViewController.swift; sourceTree = "<group>"; };
		310097011C7163EF003C7FA6 /* SettingVC_1.swift */ = {isa = PBXFileReference; fileEncoding = 4; lastKnownFileType = sourcecode.swift; path = SettingVC_1.swift; sourceTree = "<group>"; };
		310097031C719641003C7FA6 /* RecordViewController.swift */ = {isa = PBXFileReference; fileEncoding = 4; lastKnownFileType = sourcecode.swift; path = RecordViewController.swift; sourceTree = "<group>"; };
		310097051C7197B7003C7FA6 /* DailyScore.swift */ = {isa = PBXFileReference; fileEncoding = 4; lastKnownFileType = sourcecode.swift; path = DailyScore.swift; sourceTree = "<group>"; };
		310097071C719C6A003C7FA6 /* DailyScoreCell.swift */ = {isa = PBXFileReference; fileEncoding = 4; lastKnownFileType = sourcecode.swift; path = DailyScoreCell.swift; sourceTree = "<group>"; };
		310097091C71B07B003C7FA6 /* String+.swift */ = {isa = PBXFileReference; fileEncoding = 4; lastKnownFileType = sourcecode.swift; path = "String+.swift"; sourceTree = "<group>"; };
		3100970C1C72A423003C7FA6 /* UIFont+.swift */ = {isa = PBXFileReference; fileEncoding = 4; lastKnownFileType = sourcecode.swift; path = "UIFont+.swift"; sourceTree = "<group>"; };
		3100970F1C72B2A1003C7FA6 /* Tahoma Bold.ttf */ = {isa = PBXFileReference; lastKnownFileType = file; path = "Tahoma Bold.ttf"; sourceTree = "<group>"; };
		310097101C72B2A1003C7FA6 /* Tahoma.ttf */ = {isa = PBXFileReference; lastKnownFileType = file; path = Tahoma.ttf; sourceTree = "<group>"; };
		311A89F41C685ECE00257A26 /* SingleViewCoreData.sqlite */ = {isa = PBXFileReference; lastKnownFileType = file; path = SingleViewCoreData.sqlite; sourceTree = "<group>"; };
		311A89F51C685ECE00257A26 /* SingleViewCoreData.sqlite-shm */ = {isa = PBXFileReference; lastKnownFileType = file; path = "SingleViewCoreData.sqlite-shm"; sourceTree = "<group>"; };
		311A89F61C685ECE00257A26 /* SingleViewCoreData.sqlite-wal */ = {isa = PBXFileReference; lastKnownFileType = file; path = "SingleViewCoreData.sqlite-wal"; sourceTree = "<group>"; };
		311A89FA1C68619D00257A26 /* libsqlite3.0.tbd */ = {isa = PBXFileReference; lastKnownFileType = "sourcecode.text-based-dylib-definition"; name = libsqlite3.0.tbd; path = usr/lib/libsqlite3.0.tbd; sourceTree = SDKROOT; };
		311A89FE1C68647000257A26 /* Chinese.swift */ = {isa = PBXFileReference; fileEncoding = 4; lastKnownFileType = sourcecode.swift; path = Chinese.swift; sourceTree = "<group>"; };
		311A8A011C6864D700257A26 /* Pinyin_Comparison-Bridging-Header.h */ = {isa = PBXFileReference; lastKnownFileType = sourcecode.c.h; path = "Pinyin_Comparison-Bridging-Header.h"; sourceTree = "<group>"; };
		311A8A0B1C688A2600257A26 /* Global.swift */ = {isa = PBXFileReference; fileEncoding = 4; lastKnownFileType = sourcecode.swift; path = Global.swift; sourceTree = "<group>"; };
		311A8A101C6963DD00257A26 /* UIImage+.swift */ = {isa = PBXFileReference; fileEncoding = 4; lastKnownFileType = sourcecode.swift; path = "UIImage+.swift"; sourceTree = "<group>"; };
		311A8A121C6963E700257A26 /* UIColor+.swift */ = {isa = PBXFileReference; fileEncoding = 4; lastKnownFileType = sourcecode.swift; path = "UIColor+.swift"; sourceTree = "<group>"; };
		311A8A141C6963F000257A26 /* UIButton+.swift */ = {isa = PBXFileReference; fileEncoding = 4; lastKnownFileType = sourcecode.swift; path = "UIButton+.swift"; sourceTree = "<group>"; };
		311A8A161C6963F800257A26 /* Array+.swift */ = {isa = PBXFileReference; fileEncoding = 4; lastKnownFileType = sourcecode.swift; path = "Array+.swift"; sourceTree = "<group>"; };
		311A8A191C69737B00257A26 /* Chinese+SameOrNot.swift */ = {isa = PBXFileReference; fileEncoding = 4; lastKnownFileType = sourcecode.swift; path = "Chinese+SameOrNot.swift"; sourceTree = "<group>"; };
		311B7B121C76A14000B674DB /* TestViewController.swift */ = {isa = PBXFileReference; fileEncoding = 4; lastKnownFileType = sourcecode.swift; path = TestViewController.swift; sourceTree = "<group>"; };
		312331971CAA9CD70069A4A1 /* TestProtocol.swift */ = {isa = PBXFileReference; fileEncoding = 4; lastKnownFileType = sourcecode.swift; path = TestProtocol.swift; sourceTree = "<group>"; };
		312331991CAB85880069A4A1 /* WordCharacterPinyin.swift */ = {isa = PBXFileReference; fileEncoding = 4; lastKnownFileType = sourcecode.swift; path = WordCharacterPinyin.swift; sourceTree = "<group>"; };
		3123319B1CAB89C50069A4A1 /* Pinyins.swift */ = {isa = PBXFileReference; fileEncoding = 4; lastKnownFileType = sourcecode.swift; path = Pinyins.swift; sourceTree = "<group>"; };
		317519D31C701001002223F1 /* Score.swift */ = {isa = PBXFileReference; fileEncoding = 4; lastKnownFileType = sourcecode.swift; path = Score.swift; sourceTree = "<group>"; };
		317519D51C7041DF002223F1 /* HeaderView.swift */ = {isa = PBXFileReference; fileEncoding = 4; lastKnownFileType = sourcecode.swift; path = HeaderView.swift; sourceTree = "<group>"; };
		317519D71C704792002223F1 /* NextButton.swift */ = {isa = PBXFileReference; fileEncoding = 4; lastKnownFileType = sourcecode.swift; path = NextButton.swift; sourceTree = "<group>"; };
		317519D91C7053BA002223F1 /* FinalView.swift */ = {isa = PBXFileReference; fileEncoding = 4; lastKnownFileType = sourcecode.swift; path = FinalView.swift; sourceTree = "<group>"; };
		317519DB1C706083002223F1 /* ScoreModel.swift */ = {isa = PBXFileReference; fileEncoding = 4; lastKnownFileType = sourcecode.swift; path = ScoreModel.swift; sourceTree = "<group>"; };
		3175AF061C69B77C001BEACE /* NavigationController.swift */ = {isa = PBXFileReference; fileEncoding = 4; lastKnownFileType = sourcecode.swift; path = NavigationController.swift; sourceTree = "<group>"; };
		3175AF091C69BDDF001BEACE /* BlockView.swift */ = {isa = PBXFileReference; fileEncoding = 4; lastKnownFileType = sourcecode.swift; lineEnding = 0; path = BlockView.swift; sourceTree = "<group>"; xcLanguageSpecificationIdentifier = xcode.lang.swift; };
		3175AF0B1C69CD19001BEACE /* SameOrNotViewController.swift */ = {isa = PBXFileReference; fileEncoding = 4; lastKnownFileType = sourcecode.swift; lineEnding = 0; path = SameOrNotViewController.swift; sourceTree = "<group>"; xcLanguageSpecificationIdentifier = xcode.lang.swift; };
		318950971C759BF600DB3BA6 /* Arial Rounded Bold.ttf */ = {isa = PBXFileReference; lastKnownFileType = file; path = "Arial Rounded Bold.ttf"; sourceTree = "<group>"; };
		318950991C75A2DE00DB3BA6 /* AmericanTypewriter.ttc */ = {isa = PBXFileReference; lastKnownFileType = file; path = AmericanTypewriter.ttc; sourceTree = "<group>"; };
		3189509B1C75A57300DB3BA6 /* Arial Narrow.ttf */ = {isa = PBXFileReference; lastKnownFileType = file; path = "Arial Narrow.ttf"; sourceTree = "<group>"; };
		3189509D1C75AD7F00DB3BA6 /* GillSans.ttc */ = {isa = PBXFileReference; lastKnownFileType = file; path = GillSans.ttc; sourceTree = "<group>"; };
		3189509F1C75B47200DB3BA6 /* ChalkboardSE.ttc */ = {isa = PBXFileReference; lastKnownFileType = file; path = ChalkboardSE.ttc; sourceTree = "<group>"; };
		318C7FB51C7FD21C00FCC9C1 /* HudView.swift */ = {isa = PBXFileReference; fileEncoding = 4; lastKnownFileType = sourcecode.swift; path = HudView.swift; sourceTree = "<group>"; };
		3197AB321C7EE77100A5A340 /* Struct_A.swift */ = {isa = PBXFileReference; fileEncoding = 4; lastKnownFileType = sourcecode.swift; path = Struct_A.swift; sourceTree = "<group>"; };
		3197AB341C7EEA6800A5A340 /* Struct_B.swift */ = {isa = PBXFileReference; fileEncoding = 4; lastKnownFileType = sourcecode.swift; path = Struct_B.swift; sourceTree = "<group>"; };
		3197AB361C7EEA7600A5A340 /* Struct_C.swift */ = {isa = PBXFileReference; fileEncoding = 4; lastKnownFileType = sourcecode.swift; path = Struct_C.swift; sourceTree = "<group>"; };
		3197AB381C7EEA8200A5A340 /* Struct_D.swift */ = {isa = PBXFileReference; fileEncoding = 4; lastKnownFileType = sourcecode.swift; path = Struct_D.swift; sourceTree = "<group>"; };
		3197AB3A1C7EEA8D00A5A340 /* Struct_E.swift */ = {isa = PBXFileReference; fileEncoding = 4; lastKnownFileType = sourcecode.swift; path = Struct_E.swift; sourceTree = "<group>"; };
		3197AB3C1C7EEA9B00A5A340 /* Struct_F.swift */ = {isa = PBXFileReference; fileEncoding = 4; lastKnownFileType = sourcecode.swift; path = Struct_F.swift; sourceTree = "<group>"; };
		3197AB3E1C7EEAA300A5A340 /* Struct_G.swift */ = {isa = PBXFileReference; fileEncoding = 4; lastKnownFileType = sourcecode.swift; path = Struct_G.swift; sourceTree = "<group>"; };
		3197AB401C7EEAAB00A5A340 /* Struct_H.swift */ = {isa = PBXFileReference; fileEncoding = 4; lastKnownFileType = sourcecode.swift; path = Struct_H.swift; sourceTree = "<group>"; };
		3197AB421C7EEAB700A5A340 /* Struct_J.swift */ = {isa = PBXFileReference; fileEncoding = 4; lastKnownFileType = sourcecode.swift; path = Struct_J.swift; sourceTree = "<group>"; };
		3197AB441C7EEAC000A5A340 /* Struct_K.swift */ = {isa = PBXFileReference; fileEncoding = 4; lastKnownFileType = sourcecode.swift; path = Struct_K.swift; sourceTree = "<group>"; };
		3197AB461C7EEACA00A5A340 /* Struct_L.swift */ = {isa = PBXFileReference; fileEncoding = 4; lastKnownFileType = sourcecode.swift; path = Struct_L.swift; sourceTree = "<group>"; };
		3197AB481C7EEAD300A5A340 /* Struct_M.swift */ = {isa = PBXFileReference; fileEncoding = 4; lastKnownFileType = sourcecode.swift; path = Struct_M.swift; sourceTree = "<group>"; };
		3197AB4A1C7EEADA00A5A340 /* Struct_N.swift */ = {isa = PBXFileReference; fileEncoding = 4; lastKnownFileType = sourcecode.swift; path = Struct_N.swift; sourceTree = "<group>"; };
		3197AB4C1C7EEAE600A5A340 /* Struct_O.swift */ = {isa = PBXFileReference; fileEncoding = 4; lastKnownFileType = sourcecode.swift; path = Struct_O.swift; sourceTree = "<group>"; };
		3197AB4E1C7EEAF000A5A340 /* Struct_P.swift */ = {isa = PBXFileReference; fileEncoding = 4; lastKnownFileType = sourcecode.swift; path = Struct_P.swift; sourceTree = "<group>"; };
		3197AB501C7EEAFA00A5A340 /* Struct_Q.swift */ = {isa = PBXFileReference; fileEncoding = 4; lastKnownFileType = sourcecode.swift; path = Struct_Q.swift; sourceTree = "<group>"; };
		3197AB521C7EEB0300A5A340 /* Struct_R.swift */ = {isa = PBXFileReference; fileEncoding = 4; lastKnownFileType = sourcecode.swift; path = Struct_R.swift; sourceTree = "<group>"; };
		3197AB541C7EEB0D00A5A340 /* Struct_S.swift */ = {isa = PBXFileReference; fileEncoding = 4; lastKnownFileType = sourcecode.swift; path = Struct_S.swift; sourceTree = "<group>"; };
		3197AB561C7EEB1600A5A340 /* Struct_T.swift */ = {isa = PBXFileReference; fileEncoding = 4; lastKnownFileType = sourcecode.swift; path = Struct_T.swift; sourceTree = "<group>"; };
		3197AB581C7EEB2200A5A340 /* Struct_W.swift */ = {isa = PBXFileReference; fileEncoding = 4; lastKnownFileType = sourcecode.swift; path = Struct_W.swift; sourceTree = "<group>"; };
		3197AB5A1C7EEB2A00A5A340 /* Struct_X.swift */ = {isa = PBXFileReference; fileEncoding = 4; lastKnownFileType = sourcecode.swift; path = Struct_X.swift; sourceTree = "<group>"; };
		3197AB5C1C7EEB3400A5A340 /* Struct_Y.swift */ = {isa = PBXFileReference; fileEncoding = 4; lastKnownFileType = sourcecode.swift; path = Struct_Y.swift; sourceTree = "<group>"; };
		3197AB5E1C7EEB3E00A5A340 /* Struct_Z.swift */ = {isa = PBXFileReference; fileEncoding = 4; lastKnownFileType = sourcecode.swift; path = Struct_Z.swift; sourceTree = "<group>"; };
		31BDEE081C7D2C86007A1EFA /* Chinese+Find&Test.swift */ = {isa = PBXFileReference; fileEncoding = 4; lastKnownFileType = sourcecode.swift; path = "Chinese+Find&Test.swift"; sourceTree = "<group>"; };
		31C8D1D61C7BE168006B2279 /* SupportProducts.swift */ = {isa = PBXFileReference; fileEncoding = 4; lastKnownFileType = sourcecode.swift; path = SupportProducts.swift; sourceTree = "<group>"; };
		31C8D1D81C7BE203006B2279 /* IAPHelper.swift */ = {isa = PBXFileReference; fileEncoding = 4; lastKnownFileType = sourcecode.swift; path = IAPHelper.swift; sourceTree = "<group>"; };
		31C8D1DE1C7C32FD006B2279 /* right.caf */ = {isa = PBXFileReference; lastKnownFileType = file; path = right.caf; sourceTree = "<group>"; };
		31C8D1DF1C7C32FD006B2279 /* wrong.caf */ = {isa = PBXFileReference; lastKnownFileType = file; path = wrong.caf; sourceTree = "<group>"; };
		31C8D1E21C7C45EB006B2279 /* Georgia.ttf */ = {isa = PBXFileReference; lastKnownFileType = file; path = Georgia.ttf; sourceTree = "<group>"; };
		31C8D1E41C7C473E006B2279 /* SignPainter.otf */ = {isa = PBXFileReference; lastKnownFileType = file; path = SignPainter.otf; sourceTree = "<group>"; };
		31C8D1E61C7C4AE8006B2279 /* Geneva.dfont */ = {isa = PBXFileReference; lastKnownFileType = file; path = Geneva.dfont; sourceTree = "<group>"; };
		31E0F9F91C827DF400054496 /* Base */ = {isa = PBXFileReference; lastKnownFileType = text.plist.strings; name = Base; path = Base.lproj/Localizable.strings; sourceTree = "<group>"; };
		31E0F9FB1C827E2A00054496 /* zh-Hans */ = {isa = PBXFileReference; lastKnownFileType = text.plist.strings; name = "zh-Hans"; path = "zh-Hans.lproj/Localizable.strings"; sourceTree = "<group>"; };
		31E0F9FC1C827E7C00054496 /* zh-Hant */ = {isa = PBXFileReference; lastKnownFileType = text.plist.strings; name = "zh-Hant"; path = "zh-Hant.lproj/Localizable.strings"; sourceTree = "<group>"; };
		31E0FA001C828AA300054496 /* Base */ = {isa = PBXFileReference; lastKnownFileType = text.plist.strings; name = Base; path = Base.lproj/InfoPlist.strings; sourceTree = "<group>"; };
		31E0FA021C828AAA00054496 /* zh-Hans */ = {isa = PBXFileReference; lastKnownFileType = text.plist.strings; name = "zh-Hans"; path = "zh-Hans.lproj/InfoPlist.strings"; sourceTree = "<group>"; };
		31E0FA031C828AAD00054496 /* zh-Hant */ = {isa = PBXFileReference; lastKnownFileType = text.plist.strings; name = "zh-Hant"; path = "zh-Hant.lproj/InfoPlist.strings"; sourceTree = "<group>"; };
		31EC4FFE1C740E9A006240EC /* UIView+.swift */ = {isa = PBXFileReference; fileEncoding = 4; lastKnownFileType = sourcecode.swift; path = "UIView+.swift"; sourceTree = "<group>"; };
		31F09E171C6B239200196277 /* SelectTheSameViewController.swift */ = {isa = PBXFileReference; fileEncoding = 4; lastKnownFileType = sourcecode.swift; lineEnding = 0; path = SelectTheSameViewController.swift; sourceTree = "<group>"; xcLanguageSpecificationIdentifier = xcode.lang.swift; };
		31F09E191C6B26C900196277 /* Chinese+SelectTheSame.swift */ = {isa = PBXFileReference; fileEncoding = 4; lastKnownFileType = sourcecode.swift; path = "Chinese+SelectTheSame.swift"; sourceTree = "<group>"; };
		31F09E1D1C6C737D00196277 /* SpellViewController.swift */ = {isa = PBXFileReference; fileEncoding = 4; lastKnownFileType = sourcecode.swift; path = SpellViewController.swift; sourceTree = "<group>"; };
		31F09E1F1C6C73F400196277 /* Chinese+Spell.swift */ = {isa = PBXFileReference; fileEncoding = 4; lastKnownFileType = sourcecode.swift; path = "Chinese+Spell.swift"; sourceTree = "<group>"; };
		C372483A1C561B9100EDD735 /* Term+CoreDataProperties.swift */ = {isa = PBXFileReference; fileEncoding = 4; lastKnownFileType = sourcecode.swift; name = "Term+CoreDataProperties.swift"; path = "../Term+CoreDataProperties.swift"; sourceTree = "<group>"; };
		C372483B1C561B9100EDD735 /* Term.swift */ = {isa = PBXFileReference; fileEncoding = 4; lastKnownFileType = sourcecode.swift; name = Term.swift; path = ../Term.swift; sourceTree = "<group>"; };
		C3CDD5021C522CFC00209556 /* Pinyin Comparison.app */ = {isa = PBXFileReference; explicitFileType = wrapper.application; includeInIndex = 0; path = "Pinyin Comparison.app"; sourceTree = BUILT_PRODUCTS_DIR; };
		C3CDD5051C522CFC00209556 /* AppDelegate.swift */ = {isa = PBXFileReference; lastKnownFileType = sourcecode.swift; path = AppDelegate.swift; sourceTree = "<group>"; };
		C3CDD5071C522CFC00209556 /* HomepageViewController.swift */ = {isa = PBXFileReference; lastKnownFileType = sourcecode.swift; path = HomepageViewController.swift; sourceTree = "<group>"; };
		C3CDD50D1C522CFD00209556 /* P3.xcdatamodel */ = {isa = PBXFileReference; lastKnownFileType = wrapper.xcdatamodel; path = P3.xcdatamodel; sourceTree = "<group>"; };
		C3CDD50F1C522CFD00209556 /* Assets.xcassets */ = {isa = PBXFileReference; lastKnownFileType = folder.assetcatalog; path = Assets.xcassets; sourceTree = "<group>"; };
		C3CDD5141C522CFD00209556 /* Info.plist */ = {isa = PBXFileReference; lastKnownFileType = text.plist.xml; path = Info.plist; sourceTree = "<group>"; };
		C3CDD51A1C522DAE00209556 /* terms.plist */ = {isa = PBXFileReference; lastKnownFileType = file.bplist; path = terms.plist; sourceTree = "<group>"; };
/* End PBXFileReference section */

/* Begin PBXFrameworksBuildPhase section */
		C3CDD4FF1C522CFC00209556 /* Frameworks */ = {
			isa = PBXFrameworksBuildPhase;
			buildActionMask = 2147483647;
			files = (
				311A89FB1C68619D00257A26 /* libsqlite3.0.tbd in Frameworks */,
			);
			runOnlyForDeploymentPostprocessing = 0;
		};
/* End PBXFrameworksBuildPhase section */

/* Begin PBXGroup section */
		3100970B1C729E00003C7FA6 /* Trash */ = {
			isa = PBXGroup;
			children = (
				310096FD1C7155C1003C7FA6 /* Trash_function.swift */,
			);
			name = Trash;
			sourceTree = "<group>";
		};
		3100970E1C72B249003C7FA6 /* Font */ = {
			isa = PBXGroup;
			children = (
				31C8D1E61C7C4AE8006B2279 /* Geneva.dfont */,
				31C8D1E41C7C473E006B2279 /* SignPainter.otf */,
				31C8D1E21C7C45EB006B2279 /* Georgia.ttf */,
				3189509F1C75B47200DB3BA6 /* ChalkboardSE.ttc */,
				3189509D1C75AD7F00DB3BA6 /* GillSans.ttc */,
				318950991C75A2DE00DB3BA6 /* AmericanTypewriter.ttc */,
				3100970F1C72B2A1003C7FA6 /* Tahoma Bold.ttf */,
				310097101C72B2A1003C7FA6 /* Tahoma.ttf */,
				3189509B1C75A57300DB3BA6 /* Arial Narrow.ttf */,
				318950971C759BF600DB3BA6 /* Arial Rounded Bold.ttf */,
			);
			name = Font;
			sourceTree = "<group>";
		};
		311A89F31C685E4300257A26 /* Word Store */ = {
			isa = PBXGroup;
			children = (
				C372483B1C561B9100EDD735 /* Term.swift */,
				C372483A1C561B9100EDD735 /* Term+CoreDataProperties.swift */,
				C3CDD50C1C522CFD00209556 /* P3.xcdatamodeld */,
				311A89F41C685ECE00257A26 /* SingleViewCoreData.sqlite */,
				311A89F51C685ECE00257A26 /* SingleViewCoreData.sqlite-shm */,
				311A89F61C685ECE00257A26 /* SingleViewCoreData.sqlite-wal */,
				311A89FA1C68619D00257A26 /* libsqlite3.0.tbd */,
				C3CDD51A1C522DAE00209556 /* terms.plist */,
			);
			name = "Word Store";
			sourceTree = "<group>";
		};
		311A89FC1C6863A400257A26 /* Resources */ = {
			isa = PBXGroup;
			children = (
				C3CDD50F1C522CFD00209556 /* Assets.xcassets */,
				3100970E1C72B249003C7FA6 /* Font */,
				31C8D1DD1C7C32AE006B2279 /* Sound */,
			);
			name = Resources;
			sourceTree = "<group>";
		};
		311A89FD1C6863FF00257A26 /* Global */ = {
			isa = PBXGroup;
			children = (
				C3CDD5051C522CFC00209556 /* AppDelegate.swift */,
				311A8A0B1C688A2600257A26 /* Global.swift */,
				C3CDD5141C522CFD00209556 /* Info.plist */,
				31E0FA011C828AA300054496 /* InfoPlist.strings */,
				31E0F9F81C827DF400054496 /* Localizable.strings */,
				311A8A011C6864D700257A26 /* Pinyin_Comparison-Bridging-Header.h */,
			);
			name = Global;
			sourceTree = "<group>";
		};
		311A8A0F1C69639D00257A26 /* Extension */ = {
			isa = PBXGroup;
			children = (
				311A8A101C6963DD00257A26 /* UIImage+.swift */,
				311A8A121C6963E700257A26 /* UIColor+.swift */,
				3100970C1C72A423003C7FA6 /* UIFont+.swift */,
				311A8A141C6963F000257A26 /* UIButton+.swift */,
				31EC4FFE1C740E9A006240EC /* UIView+.swift */,
				311A8A161C6963F800257A26 /* Array+.swift */,
				310097091C71B07B003C7FA6 /* String+.swift */,
			);
			name = Extension;
			sourceTree = "<group>";
		};
		311A8A181C69643E00257A26 /* Model */ = {
			isa = PBXGroup;
			children = (
				311A89FE1C68647000257A26 /* Chinese.swift */,
				311A8A191C69737B00257A26 /* Chinese+SameOrNot.swift */,
				31F09E191C6B26C900196277 /* Chinese+SelectTheSame.swift */,
				31F09E1F1C6C73F400196277 /* Chinese+Spell.swift */,
				31BDEE081C7D2C86007A1EFA /* Chinese+Find&Test.swift */,
				312331991CAB85880069A4A1 /* WordCharacterPinyin.swift */,
				3123319B1CAB89C50069A4A1 /* Pinyins.swift */,
				3197AB311C7EE75400A5A340 /* Character Struct */,
				311A89F31C685E4300257A26 /* Word Store */,
				317519DB1C706083002223F1 /* ScoreModel.swift */,
				317519D31C701001002223F1 /* Score.swift */,
				310097051C7197B7003C7FA6 /* DailyScore.swift */,
			);
			name = Model;
			sourceTree = "<group>";
		};
		3175AF051C69B690001BEACE /* Controller */ = {
			isa = PBXGroup;
			children = (
				3175AF061C69B77C001BEACE /* NavigationController.swift */,
				C3CDD5071C522CFC00209556 /* HomepageViewController.swift */,
				311B7B121C76A14000B674DB /* TestViewController.swift */,
				312331971CAA9CD70069A4A1 /* TestProtocol.swift */,
				3175AF0B1C69CD19001BEACE /* SameOrNotViewController.swift */,
				31F09E171C6B239200196277 /* SelectTheSameViewController.swift */,
				31F09E1D1C6C737D00196277 /* SpellViewController.swift */,
				310097031C719641003C7FA6 /* RecordViewController.swift */,
				310096FF1C715D54003C7FA6 /* SettingViewController.swift */,
				310097011C7163EF003C7FA6 /* SettingVC_1.swift */,
			);
			name = Controller;
			sourceTree = "<group>";
		};
		3175AF081C69BDCA001BEACE /* View */ = {
			isa = PBXGroup;
			children = (
				3175AF091C69BDDF001BEACE /* BlockView.swift */,
				317519D51C7041DF002223F1 /* HeaderView.swift */,
				317519D71C704792002223F1 /* NextButton.swift */,
				317519D91C7053BA002223F1 /* FinalView.swift */,
				310097071C719C6A003C7FA6 /* DailyScoreCell.swift */,
				318C7FB51C7FD21C00FCC9C1 /* HudView.swift */,
			);
			name = View;
			sourceTree = "<group>";
		};
		3197AB311C7EE75400A5A340 /* Character Struct */ = {
			isa = PBXGroup;
			children = (
				3197AB321C7EE77100A5A340 /* Struct_A.swift */,
				3197AB341C7EEA6800A5A340 /* Struct_B.swift */,
				3197AB361C7EEA7600A5A340 /* Struct_C.swift */,
				3197AB381C7EEA8200A5A340 /* Struct_D.swift */,
				3197AB3A1C7EEA8D00A5A340 /* Struct_E.swift */,
				3197AB3C1C7EEA9B00A5A340 /* Struct_F.swift */,
				3197AB3E1C7EEAA300A5A340 /* Struct_G.swift */,
				3197AB401C7EEAAB00A5A340 /* Struct_H.swift */,
				3197AB421C7EEAB700A5A340 /* Struct_J.swift */,
				3197AB441C7EEAC000A5A340 /* Struct_K.swift */,
				3197AB461C7EEACA00A5A340 /* Struct_L.swift */,
				3197AB481C7EEAD300A5A340 /* Struct_M.swift */,
				3197AB4A1C7EEADA00A5A340 /* Struct_N.swift */,
				3197AB4C1C7EEAE600A5A340 /* Struct_O.swift */,
				3197AB4E1C7EEAF000A5A340 /* Struct_P.swift */,
				3197AB501C7EEAFA00A5A340 /* Struct_Q.swift */,
				3197AB521C7EEB0300A5A340 /* Struct_R.swift */,
				3197AB541C7EEB0D00A5A340 /* Struct_S.swift */,
				3197AB561C7EEB1600A5A340 /* Struct_T.swift */,
				3197AB581C7EEB2200A5A340 /* Struct_W.swift */,
				3197AB5A1C7EEB2A00A5A340 /* Struct_X.swift */,
				3197AB5C1C7EEB3400A5A340 /* Struct_Y.swift */,
				3197AB5E1C7EEB3E00A5A340 /* Struct_Z.swift */,
			);
			name = "Character Struct";
			sourceTree = "<group>";
		};
		31C8D1DA1C7C00E6006B2279 /* Purchase */ = {
			isa = PBXGroup;
			children = (
				31C8D1D61C7BE168006B2279 /* SupportProducts.swift */,
				31C8D1D81C7BE203006B2279 /* IAPHelper.swift */,
			);
			name = Purchase;
			sourceTree = "<group>";
		};
		31C8D1DD1C7C32AE006B2279 /* Sound */ = {
			isa = PBXGroup;
			children = (
				31C8D1DE1C7C32FD006B2279 /* right.caf */,
				31C8D1DF1C7C32FD006B2279 /* wrong.caf */,
			);
			name = Sound;
			sourceTree = "<group>";
		};
		C3CDD4F91C522CFC00209556 = {
			isa = PBXGroup;
			children = (
				C3CDD5041C522CFC00209556 /* P3 */,
				C3CDD5031C522CFC00209556 /* Products */,
			);
			sourceTree = "<group>";
		};
		C3CDD5031C522CFC00209556 /* Products */ = {
			isa = PBXGroup;
			children = (
				C3CDD5021C522CFC00209556 /* Pinyin Comparison.app */,
			);
			name = Products;
			sourceTree = "<group>";
		};
		C3CDD5041C522CFC00209556 /* P3 */ = {
			isa = PBXGroup;
			children = (
				311A89FD1C6863FF00257A26 /* Global */,
				3175AF081C69BDCA001BEACE /* View */,
				3175AF051C69B690001BEACE /* Controller */,
				311A8A181C69643E00257A26 /* Model */,
				311A8A0F1C69639D00257A26 /* Extension */,
				311A89FC1C6863A400257A26 /* Resources */,
				31C8D1DA1C7C00E6006B2279 /* Purchase */,
				3100970B1C729E00003C7FA6 /* Trash */,
			);
			path = P3;
			sourceTree = "<group>";
		};
/* End PBXGroup section */

/* Begin PBXNativeTarget section */
		C3CDD5011C522CFC00209556 /* Pinyin Comparison */ = {
			isa = PBXNativeTarget;
			buildConfigurationList = C3CDD5171C522CFD00209556 /* Build configuration list for PBXNativeTarget "Pinyin Comparison" */;
			buildPhases = (
				C3CDD4FE1C522CFC00209556 /* Sources */,
				C3CDD4FF1C522CFC00209556 /* Frameworks */,
				C3CDD5001C522CFC00209556 /* Resources */,
			);
			buildRules = (
			);
			dependencies = (
			);
			name = "Pinyin Comparison";
			productName = P3;
			productReference = C3CDD5021C522CFC00209556 /* Pinyin Comparison.app */;
			productType = "com.apple.product-type.application";
		};
/* End PBXNativeTarget section */

/* Begin PBXProject section */
		C3CDD4FA1C522CFC00209556 /* Project object */ = {
			isa = PBXProject;
			attributes = {
				LastSwiftUpdateCheck = 0720;
				LastUpgradeCheck = 0720;
				ORGANIZATIONNAME = myname;
				TargetAttributes = {
					C3CDD5011C522CFC00209556 = {
						CreatedOnToolsVersion = 7.2;
					};
				};
			};
			buildConfigurationList = C3CDD4FD1C522CFC00209556 /* Build configuration list for PBXProject "Pinyin Comparison" */;
			compatibilityVersion = "Xcode 3.2";
			developmentRegion = English;
			hasScannedForEncodings = 0;
			knownRegions = (
				en,
				Base,
				"zh-Hans",
				"zh-Hant",
			);
			mainGroup = C3CDD4F91C522CFC00209556;
			productRefGroup = C3CDD5031C522CFC00209556 /* Products */;
			projectDirPath = "";
			projectRoot = "";
			targets = (
				C3CDD5011C522CFC00209556 /* Pinyin Comparison */,
			);
		};
/* End PBXProject section */

/* Begin PBXResourcesBuildPhase section */
		C3CDD5001C522CFC00209556 /* Resources */ = {
			isa = PBXResourcesBuildPhase;
			buildActionMask = 2147483647;
			files = (
				3189509A1C75A2DE00DB3BA6 /* AmericanTypewriter.ttc in Resources */,
				C3CDD51B1C522DAE00209556 /* terms.plist in Resources */,
				31C8D1E71C7C4AE9006B2279 /* Geneva.dfont in Resources */,
				3189509E1C75AD7F00DB3BA6 /* GillSans.ttc in Resources */,
				311A89F91C685ECE00257A26 /* SingleViewCoreData.sqlite-wal in Resources */,
				318950981C759BF600DB3BA6 /* Arial Rounded Bold.ttf in Resources */,
				31C8D1E51C7C473E006B2279 /* SignPainter.otf in Resources */,
				3189509C1C75A57300DB3BA6 /* Arial Narrow.ttf in Resources */,
				31E0F9FF1C828AA300054496 /* InfoPlist.strings in Resources */,
				311A89F81C685ECE00257A26 /* SingleViewCoreData.sqlite-shm in Resources */,
				31C8D1E11C7C32FD006B2279 /* wrong.caf in Resources */,
				C3CDD5101C522CFD00209556 /* Assets.xcassets in Resources */,
				318950A01C75B47200DB3BA6 /* ChalkboardSE.ttc in Resources */,
				310097121C72B2A1003C7FA6 /* Tahoma.ttf in Resources */,
				310097111C72B2A1003C7FA6 /* Tahoma Bold.ttf in Resources */,
				31C8D1E31C7C45EB006B2279 /* Georgia.ttf in Resources */,
				31E0F9FA1C827DF400054496 /* Localizable.strings in Resources */,
				311A89F71C685ECE00257A26 /* SingleViewCoreData.sqlite in Resources */,
				31C8D1E01C7C32FD006B2279 /* right.caf in Resources */,
			);
			runOnlyForDeploymentPostprocessing = 0;
		};
/* End PBXResourcesBuildPhase section */

/* Begin PBXSourcesBuildPhase section */
		C3CDD4FE1C522CFC00209556 /* Sources */ = {
			isa = PBXSourcesBuildPhase;
			buildActionMask = 2147483647;
			files = (
				3197AB4D1C7EEAE600A5A340 /* Struct_O.swift in Sources */,
				310097021C7163EF003C7FA6 /* SettingVC_1.swift in Sources */,
				3175AF0A1C69BDDF001BEACE /* BlockView.swift in Sources */,
				3197AB5B1C7EEB2A00A5A340 /* Struct_X.swift in Sources */,
				310097041C719641003C7FA6 /* RecordViewController.swift in Sources */,
				317519DA1C7053BA002223F1 /* FinalView.swift in Sources */,
				C3CDD50E1C522CFD00209556 /* P3.xcdatamodeld in Sources */,
				3123319C1CAB89C50069A4A1 /* Pinyins.swift in Sources */,
				3197AB491C7EEAD300A5A340 /* Struct_M.swift in Sources */,
				311A8A171C6963F800257A26 /* Array+.swift in Sources */,
				310097001C715D54003C7FA6 /* SettingViewController.swift in Sources */,
				3197AB4B1C7EEADA00A5A340 /* Struct_N.swift in Sources */,
				3197AB591C7EEB2200A5A340 /* Struct_W.swift in Sources */,
				3175AF0C1C69CD19001BEACE /* SameOrNotViewController.swift in Sources */,
				311A8A1A1C69737B00257A26 /* Chinese+SameOrNot.swift in Sources */,
				3100970A1C71B07B003C7FA6 /* String+.swift in Sources */,
				3197AB4F1C7EEAF000A5A340 /* Struct_P.swift in Sources */,
				3197AB511C7EEAFA00A5A340 /* Struct_Q.swift in Sources */,
				31C8D1D91C7BE203006B2279 /* IAPHelper.swift in Sources */,
				3197AB351C7EEA6800A5A340 /* Struct_B.swift in Sources */,
				C3CDD5081C522CFC00209556 /* HomepageViewController.swift in Sources */,
				3197AB5F1C7EEB3E00A5A340 /* Struct_Z.swift in Sources */,
				311A8A111C6963DD00257A26 /* UIImage+.swift in Sources */,
				3197AB471C7EEACA00A5A340 /* Struct_L.swift in Sources */,
				3197AB3F1C7EEAA300A5A340 /* Struct_G.swift in Sources */,
				3197AB571C7EEB1600A5A340 /* Struct_T.swift in Sources */,
				317519D41C701001002223F1 /* Score.swift in Sources */,
				310096FE1C7155C1003C7FA6 /* Trash_function.swift in Sources */,
				31F09E1E1C6C737D00196277 /* SpellViewController.swift in Sources */,
				C372483D1C561B9100EDD735 /* Term.swift in Sources */,
				31EC4FFF1C740E9A006240EC /* UIView+.swift in Sources */,
				31BDEE091C7D2C86007A1EFA /* Chinese+Find&Test.swift in Sources */,
				C3CDD5061C522CFC00209556 /* AppDelegate.swift in Sources */,
				3197AB551C7EEB0D00A5A340 /* Struct_S.swift in Sources */,
				3197AB391C7EEA8200A5A340 /* Struct_D.swift in Sources */,
				31F09E181C6B239200196277 /* SelectTheSameViewController.swift in Sources */,
				C372483C1C561B9100EDD735 /* Term+CoreDataProperties.swift in Sources */,
				3175AF071C69B77C001BEACE /* NavigationController.swift in Sources */,
				31C8D1D71C7BE168006B2279 /* SupportProducts.swift in Sources */,
				3197AB451C7EEAC000A5A340 /* Struct_K.swift in Sources */,
				3197AB371C7EEA7600A5A340 /* Struct_C.swift in Sources */,
				3197AB411C7EEAAB00A5A340 /* Struct_H.swift in Sources */,
				311A8A151C6963F000257A26 /* UIButton+.swift in Sources */,
				3197AB3B1C7EEA8D00A5A340 /* Struct_E.swift in Sources */,
				3197AB3D1C7EEA9B00A5A340 /* Struct_F.swift in Sources */,
				3197AB331C7EE77100A5A340 /* Struct_A.swift in Sources */,
				311A89FF1C68647000257A26 /* Chinese.swift in Sources */,
				311B7B131C76A14000B674DB /* TestViewController.swift in Sources */,
				3197AB5D1C7EEB3400A5A340 /* Struct_Y.swift in Sources */,
				318C7FB61C7FD21C00FCC9C1 /* HudView.swift in Sources */,
				317519DC1C706083002223F1 /* ScoreModel.swift in Sources */,
				311A8A131C6963E700257A26 /* UIColor+.swift in Sources */,
				310097081C719C6A003C7FA6 /* DailyScoreCell.swift in Sources */,
				317519D61C7041DF002223F1 /* HeaderView.swift in Sources */,
				3123319A1CAB85880069A4A1 /* WordCharacterPinyin.swift in Sources */,
				311A8A0C1C688A2600257A26 /* Global.swift in Sources */,
				31F09E201C6C73F400196277 /* Chinese+Spell.swift in Sources */,
				312331981CAA9CD70069A4A1 /* TestProtocol.swift in Sources */,
				3197AB431C7EEAB700A5A340 /* Struct_J.swift in Sources */,
				3100970D1C72A423003C7FA6 /* UIFont+.swift in Sources */,
				317519D81C704792002223F1 /* NextButton.swift in Sources */,
				3197AB531C7EEB0300A5A340 /* Struct_R.swift in Sources */,
				31F09E1A1C6B26C900196277 /* Chinese+SelectTheSame.swift in Sources */,
				310097061C7197B7003C7FA6 /* DailyScore.swift in Sources */,
			);
			runOnlyForDeploymentPostprocessing = 0;
		};
/* End PBXSourcesBuildPhase section */

/* Begin PBXVariantGroup section */
		31E0F9F81C827DF400054496 /* Localizable.strings */ = {
			isa = PBXVariantGroup;
			children = (
				31E0F9F91C827DF400054496 /* Base */,
				31E0F9FB1C827E2A00054496 /* zh-Hans */,
				31E0F9FC1C827E7C00054496 /* zh-Hant */,
			);
			name = Localizable.strings;
			sourceTree = "<group>";
		};
		31E0FA011C828AA300054496 /* InfoPlist.strings */ = {
			isa = PBXVariantGroup;
			children = (
				31E0FA001C828AA300054496 /* Base */,
				31E0FA021C828AAA00054496 /* zh-Hans */,
				31E0FA031C828AAD00054496 /* zh-Hant */,
			);
			name = InfoPlist.strings;
			sourceTree = "<group>";
		};
/* End PBXVariantGroup section */

/* Begin XCBuildConfiguration section */
		C3CDD5151C522CFD00209556 /* Debug */ = {
			isa = XCBuildConfiguration;
			buildSettings = {
				ALWAYS_SEARCH_USER_PATHS = NO;
				CLANG_CXX_LANGUAGE_STANDARD = "gnu++0x";
				CLANG_CXX_LIBRARY = "libc++";
				CLANG_ENABLE_MODULES = YES;
				CLANG_ENABLE_OBJC_ARC = YES;
				CLANG_WARN_BOOL_CONVERSION = YES;
				CLANG_WARN_CONSTANT_CONVERSION = YES;
				CLANG_WARN_DIRECT_OBJC_ISA_USAGE = YES_ERROR;
				CLANG_WARN_EMPTY_BODY = YES;
				CLANG_WARN_ENUM_CONVERSION = YES;
				CLANG_WARN_INT_CONVERSION = YES;
				CLANG_WARN_OBJC_ROOT_CLASS = YES_ERROR;
				CLANG_WARN_UNREACHABLE_CODE = YES;
				CLANG_WARN__DUPLICATE_METHOD_MATCH = YES;
				"CODE_SIGN_IDENTITY[sdk=iphoneos*]" = "iPhone Developer";
				COPY_PHASE_STRIP = NO;
				DEBUG_INFORMATION_FORMAT = dwarf;
				ENABLE_STRICT_OBJC_MSGSEND = YES;
				ENABLE_TESTABILITY = YES;
				GCC_C_LANGUAGE_STANDARD = gnu99;
				GCC_DYNAMIC_NO_PIC = NO;
				GCC_NO_COMMON_BLOCKS = YES;
				GCC_OPTIMIZATION_LEVEL = 0;
				GCC_PREPROCESSOR_DEFINITIONS = (
					"DEBUG=1",
					"$(inherited)",
				);
				GCC_WARN_64_TO_32_BIT_CONVERSION = YES;
				GCC_WARN_ABOUT_RETURN_TYPE = YES_ERROR;
				GCC_WARN_UNDECLARED_SELECTOR = YES;
				GCC_WARN_UNINITIALIZED_AUTOS = YES_AGGRESSIVE;
				GCC_WARN_UNUSED_FUNCTION = YES;
				GCC_WARN_UNUSED_VARIABLE = YES;
				IPHONEOS_DEPLOYMENT_TARGET = 9.0;
				MTL_ENABLE_DEBUG_INFO = YES;
				ONLY_ACTIVE_ARCH = YES;
				SDKROOT = iphoneos;
				SWIFT_OPTIMIZATION_LEVEL = "-Onone";
			};
			name = Debug;
		};
		C3CDD5161C522CFD00209556 /* Release */ = {
			isa = XCBuildConfiguration;
			buildSettings = {
				ALWAYS_SEARCH_USER_PATHS = NO;
				CLANG_CXX_LANGUAGE_STANDARD = "gnu++0x";
				CLANG_CXX_LIBRARY = "libc++";
				CLANG_ENABLE_MODULES = YES;
				CLANG_ENABLE_OBJC_ARC = YES;
				CLANG_WARN_BOOL_CONVERSION = YES;
				CLANG_WARN_CONSTANT_CONVERSION = YES;
				CLANG_WARN_DIRECT_OBJC_ISA_USAGE = YES_ERROR;
				CLANG_WARN_EMPTY_BODY = YES;
				CLANG_WARN_ENUM_CONVERSION = YES;
				CLANG_WARN_INT_CONVERSION = YES;
				CLANG_WARN_OBJC_ROOT_CLASS = YES_ERROR;
				CLANG_WARN_UNREACHABLE_CODE = YES;
				CLANG_WARN__DUPLICATE_METHOD_MATCH = YES;
				"CODE_SIGN_IDENTITY[sdk=iphoneos*]" = "iPhone Developer";
				COPY_PHASE_STRIP = NO;
				DEBUG_INFORMATION_FORMAT = "dwarf-with-dsym";
				ENABLE_NS_ASSERTIONS = NO;
				ENABLE_STRICT_OBJC_MSGSEND = YES;
				GCC_C_LANGUAGE_STANDARD = gnu99;
				GCC_NO_COMMON_BLOCKS = YES;
				GCC_WARN_64_TO_32_BIT_CONVERSION = YES;
				GCC_WARN_ABOUT_RETURN_TYPE = YES_ERROR;
				GCC_WARN_UNDECLARED_SELECTOR = YES;
				GCC_WARN_UNINITIALIZED_AUTOS = YES_AGGRESSIVE;
				GCC_WARN_UNUSED_FUNCTION = YES;
				GCC_WARN_UNUSED_VARIABLE = YES;
				IPHONEOS_DEPLOYMENT_TARGET = 9.0;
				MTL_ENABLE_DEBUG_INFO = NO;
				SDKROOT = iphoneos;
				VALIDATE_PRODUCT = YES;
			};
			name = Release;
		};
		C3CDD5181C522CFD00209556 /* Debug */ = {
			isa = XCBuildConfiguration;
			buildSettings = {
				ASSETCATALOG_COMPILER_APPICON_NAME = AppIcon;
				ASSETCATALOG_COMPILER_LAUNCHIMAGE_NAME = "Brand Assets";
				INFOPLIST_FILE = P3/Info.plist;
				LD_RUNPATH_SEARCH_PATHS = "$(inherited) @executable_path/Frameworks";
				PRODUCT_BUNDLE_IDENTIFIER = com.xiaoyao.PinyinComparison;
				PRODUCT_NAME = "Pinyin Comparison";
				SWIFT_OBJC_BRIDGING_HEADER = "P3/Pinyin_Comparison-Bridging-Header.h";
				TARGETED_DEVICE_FAMILY = 1;
			};
			name = Debug;
		};
		C3CDD5191C522CFD00209556 /* Release */ = {
			isa = XCBuildConfiguration;
			buildSettings = {
				ASSETCATALOG_COMPILER_APPICON_NAME = AppIcon;
				ASSETCATALOG_COMPILER_LAUNCHIMAGE_NAME = "Brand Assets";
				INFOPLIST_FILE = P3/Info.plist;
				LD_RUNPATH_SEARCH_PATHS = "$(inherited) @executable_path/Frameworks";
				PRODUCT_BUNDLE_IDENTIFIER = com.xiaoyao.PinyinComparison;
				PRODUCT_NAME = "Pinyin Comparison";
				SWIFT_OBJC_BRIDGING_HEADER = "P3/Pinyin_Comparison-Bridging-Header.h";
				TARGETED_DEVICE_FAMILY = 1;
			};
			name = Release;
		};
/* End XCBuildConfiguration section */

/* Begin XCConfigurationList section */
		C3CDD4FD1C522CFC00209556 /* Build configuration list for PBXProject "Pinyin Comparison" */ = {
			isa = XCConfigurationList;
			buildConfigurations = (
				C3CDD5151C522CFD00209556 /* Debug */,
				C3CDD5161C522CFD00209556 /* Release */,
			);
			defaultConfigurationIsVisible = 0;
			defaultConfigurationName = Release;
		};
		C3CDD5171C522CFD00209556 /* Build configuration list for PBXNativeTarget "Pinyin Comparison" */ = {
			isa = XCConfigurationList;
			buildConfigurations = (
				C3CDD5181C522CFD00209556 /* Debug */,
				C3CDD5191C522CFD00209556 /* Release */,
			);
			defaultConfigurationIsVisible = 0;
			defaultConfigurationName = Release;
		};
/* End XCConfigurationList section */

/* Begin XCVersionGroup section */
		C3CDD50C1C522CFD00209556 /* P3.xcdatamodeld */ = {
			isa = XCVersionGroup;
			children = (
				C3CDD50D1C522CFD00209556 /* P3.xcdatamodel */,
			);
			currentVersion = C3CDD50D1C522CFD00209556 /* P3.xcdatamodel */;
			path = P3.xcdatamodeld;
			sourceTree = "<group>";
			versionGroupType = wrapper.xcdatamodel;
		};
/* End XCVersionGroup section */
	};
	rootObject = C3CDD4FA1C522CFC00209556 /* Project object */;
}
